
Microsoft Visual Studio Solution File, Format Version 12.00
# Visual Studio Version 17
VisualStudioVersion = 17.1.32210.238
MinimumVisualStudioVersion = 10.0.40219.1
Project("{9A19103F-16F7-4668-BE54-9A1E7A4F7556}") = "Session_03", "Session-03\Session_03.csproj", "{4283CC73-8E01-4D8F-AD35-F60B55392BA9}"
EndProject
Project("{9A19103F-16F7-4668-BE54-9A1E7A4F7556}") = "Session-02", "Session-02\Session-02.csproj", "{B2C2F448-2BE6-4341-B8A4-71EF5293B658}"
EndProject
Project("{9A19103F-16F7-4668-BE54-9A1E7A4F7556}") = "Session-04", "Session-04\Session-04.csproj", "{A62D30A2-7AC3-4573-A982-4F653FA58649}"
EndProject
Project("{9A19103F-16F7-4668-BE54-9A1E7A4F7556}") = "Session-05", "Session-05\Session-05.csproj", "{577D3FBA-3871-4A69-A6DF-68D2B408A1D8}"
EndProject
Project("{2150E333-8FDC-42A3-9474-1A3956D46DE8}") = "Session-06", "Session-06", "{88CC9264-0C51-4C3A-AB40-86B9257B6A04}"
EndProject
Project("{9A19103F-16F7-4668-BE54-9A1E7A4F7556}") = "CalculatorFormsUI", "CalculatorFormsUI\CalculatorFormsUI.csproj", "{76564B2F-AABF-4A64-B76D-66C2BC36FA32}"
EndProject
Project("{9A19103F-16F7-4668-BE54-9A1E7A4F7556}") = "Calculcator", "Calculcator\Calculcator.csproj", "{A956C7B3-C6C0-4F76-B2CC-9BCBECDBCD58}"
EndProject
Project("{9A19103F-16F7-4668-BE54-9A1E7A4F7556}") = "Session-07_08", "Session-07_08\Session-07_08.csproj", "{4C6920FE-AEDB-4B02-BE9E-A730A8B98A49}"
EndProject
Project("{9A19103F-16F7-4668-BE54-9A1E7A4F7556}") = "Session-07-08_Library", "Session-07-08_Library\Session-07-08_Library.csproj", "{8A4B56B6-B50A-4ABE-8AFC-43D8AD18DF88}"
EndProject
Global
	GlobalSection(SolutionConfigurationPlatforms) = preSolution
		Debug|Any CPU = Debug|Any CPU
		Release|Any CPU = Release|Any CPU
	EndGlobalSection
	GlobalSection(ProjectConfigurationPlatforms) = postSolution
		{4283CC73-8E01-4D8F-AD35-F60B55392BA9}.Debug|Any CPU.ActiveCfg = Debug|Any CPU
		{4283CC73-8E01-4D8F-AD35-F60B55392BA9}.Debug|Any CPU.Build.0 = Debug|Any CPU
		{4283CC73-8E01-4D8F-AD35-F60B55392BA9}.Release|Any CPU.ActiveCfg = Release|Any CPU
		{4283CC73-8E01-4D8F-AD35-F60B55392BA9}.Release|Any CPU.Build.0 = Release|Any CPU
		{B2C2F448-2BE6-4341-B8A4-71EF5293B658}.Debug|Any CPU.ActiveCfg = Debug|Any CPU
		{B2C2F448-2BE6-4341-B8A4-71EF5293B658}.Debug|Any CPU.Build.0 = Debug|Any CPU
		{B2C2F448-2BE6-4341-B8A4-71EF5293B658}.Release|Any CPU.ActiveCfg = Release|Any CPU
		{B2C2F448-2BE6-4341-B8A4-71EF5293B658}.Release|Any CPU.Build.0 = Release|Any CPU
		{A62D30A2-7AC3-4573-A982-4F653FA58649}.Debug|Any CPU.ActiveCfg = Debug|Any CPU
		{A62D30A2-7AC3-4573-A982-4F653FA58649}.Debug|Any CPU.Build.0 = Debug|Any CPU
		{A62D30A2-7AC3-4573-A982-4F653FA58649}.Release|Any CPU.ActiveCfg = Release|Any CPU
		{A62D30A2-7AC3-4573-A982-4F653FA58649}.Release|Any CPU.Build.0 = Release|Any CPU
		{577D3FBA-3871-4A69-A6DF-68D2B408A1D8}.Debug|Any CPU.ActiveCfg = Debug|Any CPU
		{577D3FBA-3871-4A69-A6DF-68D2B408A1D8}.Debug|Any CPU.Build.0 = Debug|Any CPU
		{577D3FBA-3871-4A69-A6DF-68D2B408A1D8}.Release|Any CPU.ActiveCfg = Release|Any CPU
		{577D3FBA-3871-4A69-A6DF-68D2B408A1D8}.Release|Any CPU.Build.0 = Release|Any CPU
		{76564B2F-AABF-4A64-B76D-66C2BC36FA32}.Debug|Any CPU.ActiveCfg = Debug|Any CPU
		{76564B2F-AABF-4A64-B76D-66C2BC36FA32}.Debug|Any CPU.Build.0 = Debug|Any CPU
		{76564B2F-AABF-4A64-B76D-66C2BC36FA32}.Release|Any CPU.ActiveCfg = Release|Any CPU
		{76564B2F-AABF-4A64-B76D-66C2BC36FA32}.Release|Any CPU.Build.0 = Release|Any CPU
		{A956C7B3-C6C0-4F76-B2CC-9BCBECDBCD58}.Debug|Any CPU.ActiveCfg = Debug|Any CPU
		{A956C7B3-C6C0-4F76-B2CC-9BCBECDBCD58}.Debug|Any CPU.Build.0 = Debug|Any CPU
		{A956C7B3-C6C0-4F76-B2CC-9BCBECDBCD58}.Release|Any CPU.ActiveCfg = Release|Any CPU
		{A956C7B3-C6C0-4F76-B2CC-9BCBECDBCD58}.Release|Any CPU.Build.0 = Release|Any CPU
		{4C6920FE-AEDB-4B02-BE9E-A730A8B98A49}.Debug|Any CPU.ActiveCfg = Debug|Any CPU
		{4C6920FE-AEDB-4B02-BE9E-A730A8B98A49}.Debug|Any CPU.Build.0 = Debug|Any CPU
		{4C6920FE-AEDB-4B02-BE9E-A730A8B98A49}.Release|Any CPU.ActiveCfg = Release|Any CPU
		{4C6920FE-AEDB-4B02-BE9E-A730A8B98A49}.Release|Any CPU.Build.0 = Release|Any CPU
		{8A4B56B6-B50A-4ABE-8AFC-43D8AD18DF88}.Debug|Any CPU.ActiveCfg = Debug|Any CPU
		{8A4B56B6-B50A-4ABE-8AFC-43D8AD18DF88}.Debug|Any CPU.Build.0 = Debug|Any CPU
		{8A4B56B6-B50A-4ABE-8AFC-43D8AD18DF88}.Release|Any CPU.ActiveCfg = Release|Any CPU
		{8A4B56B6-B50A-4ABE-8AFC-43D8AD18DF88}.Release|Any CPU.Build.0 = Release|Any CPU
	EndGlobalSection
	GlobalSection(SolutionProperties) = preSolution
		HideSolutionNode = FALSE
	EndGlobalSection
	GlobalSection(NestedProjects) = preSolution
		{76564B2F-AABF-4A64-B76D-66C2BC36FA32} = {88CC9264-0C51-4C3A-AB40-86B9257B6A04}
		{A956C7B3-C6C0-4F76-B2CC-9BCBECDBCD58} = {88CC9264-0C51-4C3A-AB40-86B9257B6A04}
	EndGlobalSection
	GlobalSection(ExtensibilityGlobals) = postSolution
		SolutionGuid = {C6FA618A-89D9-4277-9BD1-111335703615}
	EndGlobalSection
EndGlobal
